# THIS IS AN AUTOGENERATED FILE. DO NOT EDIT THIS FILE DIRECTLY.
# yarn lockfile v1


flow-bin@^0.88.0:
  version "0.88.0"
  resolved "https://registry.yarnpkg.com/flow-bin/-/flow-bin-0.88.0.tgz#e4c7bd93da2331f6ac1733fbe484b1b0c52eb548"
  integrity sha512-SnUCuhHP0JZaXQ83w4iTthfTInAg8DIBZCo1xIqDhFmQ6XNEMYMwYhPoMQyELRrkbTpyCYmf4g93y0UQw0dibw==
